
Microsoft Visual Studio Solution File, Format Version 12.00
# Visual Studio 15
Project("{FAE04EC0-301F-11D3-BF4B-00C04F79EFBC}") = "Assembly-CSharp", "Assembly-CSharp.csproj", "{22EC6118-8563-1A11-8F7B-6ADAF6F8EA08}"
EndProject
Project("{FAE04EC0-301F-11D3-BF4B-00C04F79EFBC}") = "Assembly-CSharp-Editor", "Assembly-CSharp-Editor.csproj", "{61EB8874-93CD-9D56-710D-36A32D5B8B29}"
EndProject
Global
	GlobalSection(SolutionConfigurationPlatforms) = preSolution
		Debug|Any CPU = Debug|Any CPU
		Release|Any CPU = Release|Any CPU
	EndGlobalSection
	GlobalSection(ProjectConfigurationPlatforms) = postSolution
		{22EC6118-8563-1A11-8F7B-6ADAF6F8EA08}.Debug|Any CPU.ActiveCfg = Debug|Any CPU
		{22EC6118-8563-1A11-8F7B-6ADAF6F8EA08}.Debug|Any CPU.Build.0 = Debug|Any CPU
		{22EC6118-8563-1A11-8F7B-6ADAF6F8EA08}.Release|Any CPU.ActiveCfg = Release|Any CPU
		{22EC6118-8563-1A11-8F7B-6ADAF6F8EA08}.Release|Any CPU.Build.0 = Release|Any CPU
		{61EB8874-93CD-9D56-710D-36A32D5B8B29}.Debug|Any CPU.ActiveCfg = Debug|Any CPU
		{61EB8874-93CD-9D56-710D-36A32D5B8B29}.Debug|Any CPU.Build.0 = Debug|Any CPU
		{61EB8874-93CD-9D56-710D-36A32D5B8B29}.Release|Any CPU.ActiveCfg = Release|Any CPU
		{61EB8874-93CD-9D56-710D-36A32D5B8B29}.Release|Any CPU.Build.0 = Release|Any CPU
	EndGlobalSection
	GlobalSection(SolutionProperties) = preSolution
		HideSolutionNode = FALSE
	EndGlobalSection
EndGlobal
